
Microsoft Visual Studio Solution File, Format Version 12.00
# Visual Studio 2015
Project("{FAE04EC0-301F-11D3-BF4B-00C04F79EFBC}") = "Triggers Practice.Plugins", "Triggers Practice.Plugins.csproj", "{53C87F1B-92B0-49C8-0129-8BC628063024}"
EndProject
Project("{FAE04EC0-301F-11D3-BF4B-00C04F79EFBC}") = "Triggers Practice", "Triggers Practice.csproj", "{51F270B9-E3B7-53E4-93CC-05D6A485F7D0}"
EndProject
Project("{FAE04EC0-301F-11D3-BF4B-00C04F79EFBC}") = "Triggers Practice.Editor.Plugins", "Triggers Practice.Editor.Plugins.csproj", "{CF41C330-77DC-33FC-D2DB-A28401830839}"
EndProject
Global
	GlobalSection(SolutionConfigurationPlatforms) = preSolution
		Debug|Any CPU = Debug|Any CPU
		Release|Any CPU = Release|Any CPU
	EndGlobalSection
	GlobalSection(ProjectConfigurationPlatforms) = postSolution
		{53C87F1B-92B0-49C8-0129-8BC628063024}.Debug|Any CPU.ActiveCfg = Debug|Any CPU
		{53C87F1B-92B0-49C8-0129-8BC628063024}.Debug|Any CPU.Build.0 = Debug|Any CPU
		{53C87F1B-92B0-49C8-0129-8BC628063024}.Release|Any CPU.ActiveCfg = Release|Any CPU
		{53C87F1B-92B0-49C8-0129-8BC628063024}.Release|Any CPU.Build.0 = Release|Any CPU
		{51F270B9-E3B7-53E4-93CC-05D6A485F7D0}.Debug|Any CPU.ActiveCfg = Debug|Any CPU
		{51F270B9-E3B7-53E4-93CC-05D6A485F7D0}.Debug|Any CPU.Build.0 = Debug|Any CPU
		{51F270B9-E3B7-53E4-93CC-05D6A485F7D0}.Release|Any CPU.ActiveCfg = Release|Any CPU
		{51F270B9-E3B7-53E4-93CC-05D6A485F7D0}.Release|Any CPU.Build.0 = Release|Any CPU
		{CF41C330-77DC-33FC-D2DB-A28401830839}.Debug|Any CPU.ActiveCfg = Debug|Any CPU
		{CF41C330-77DC-33FC-D2DB-A28401830839}.Debug|Any CPU.Build.0 = Debug|Any CPU
		{CF41C330-77DC-33FC-D2DB-A28401830839}.Release|Any CPU.ActiveCfg = Release|Any CPU
		{CF41C330-77DC-33FC-D2DB-A28401830839}.Release|Any CPU.Build.0 = Release|Any CPU
	EndGlobalSection
	GlobalSection(SolutionProperties) = preSolution
		HideSolutionNode = FALSE
	EndGlobalSection
EndGlobal
